
Microsoft Visual Studio Solution File, Format Version 12.00
# Visual Studio Version 17
VisualStudioVersion = 17.2.32602.215
MinimumVisualStudioVersion = 10.0.40219.1
Project("{FAE04EC0-301F-11D3-BF4B-00C04F79EFBC}") = "Spider-Man Material Tool", "Spider-Man Material Tool.csproj", "{3BD01F2A-1609-4B74-B9EB-4FC64F55F246}"
EndProject
Global
	GlobalSection(SolutionConfigurationPlatforms) = preSolution
		Debug|Any CPU = Debug|Any CPU
		Release|Any CPU = Release|Any CPU
	EndGlobalSection
	GlobalSection(ProjectConfigurationPlatforms) = postSolution
		{3BD01F2A-1609-4B74-B9EB-4FC64F55F246}.Debug|Any CPU.ActiveCfg = Debug|Any CPU
		{3BD01F2A-1609-4B74-B9EB-4FC64F55F246}.Debug|Any CPU.Build.0 = Debug|Any CPU
		{3BD01F2A-1609-4B74-B9EB-4FC64F55F246}.Release|Any CPU.ActiveCfg = Release|Any CPU
		{3BD01F2A-1609-4B74-B9EB-4FC64F55F246}.Release|Any CPU.Build.0 = Release|Any CPU
	EndGlobalSection
	GlobalSection(SolutionProperties) = preSolution
		HideSolutionNode = FALSE
	EndGlobalSection
	GlobalSection(ExtensibilityGlobals) = postSolution
		SolutionGuid = {627C3B94-4A78-48C9-A784-E8D3466CF6B7}
	EndGlobalSection
EndGlobal
